
Microsoft Visual Studio Solution File, Format Version 12.00
# Visual Studio Version 16
VisualStudioVersion = 16.0.31205.134
MinimumVisualStudioVersion = 10.0.40219.1
Project("{FAE04EC0-301F-11D3-BF4B-00C04F79EFBC}") = "HttpCanarySaverToExcel", "HttpCanarySaverToExcel\HttpCanarySaverToExcel.csproj", "{2AB64591-A061-44D6-B6C3-41E2668A2918}"
EndProject
Global
	GlobalSection(SolutionConfigurationPlatforms) = preSolution
		Debug|Any CPU = Debug|Any CPU
		Release|Any CPU = Release|Any CPU
	EndGlobalSection
	GlobalSection(ProjectConfigurationPlatforms) = postSolution
		{2AB64591-A061-44D6-B6C3-41E2668A2918}.Debug|Any CPU.ActiveCfg = Debug|Any CPU
		{2AB64591-A061-44D6-B6C3-41E2668A2918}.Debug|Any CPU.Build.0 = Debug|Any CPU
		{2AB64591-A061-44D6-B6C3-41E2668A2918}.Release|Any CPU.ActiveCfg = Release|Any CPU
		{2AB64591-A061-44D6-B6C3-41E2668A2918}.Release|Any CPU.Build.0 = Release|Any CPU
	EndGlobalSection
	GlobalSection(SolutionProperties) = preSolution
		HideSolutionNode = FALSE
	EndGlobalSection
	GlobalSection(ExtensibilityGlobals) = postSolution
		SolutionGuid = {8B0139D5-705C-4D63-BD71-6CCE29786EAD}
	EndGlobalSection
EndGlobal
